PODS:
  - Alamofire (4.8.0)
  - AlamofireObjectMapper (5.2.0):
    - Alamofire (~> 4.7)
    - ObjectMapper (~> 3.4)
  - ObjectMapper (3.4.1)
  - ReactiveCocoa (8.0.2):
    - ReactiveSwift (~> 4.0)
  - ReactiveSwift (4.0.0):
    - Result (~> 4.0)
  - Result (4.0.0)
  - SDWebImage (4.4.2):
    - SDWebImage/Core (= 4.4.2)
  - SDWebImage/Core (4.4.2)

DEPENDENCIES:
  - AlamofireObjectMapper (~> 5.2)
  - ReactiveCocoa (~> 8.0.2)
  - SDWebImage (~> 4.0)

SPEC REPOS:
  https://github.com/cocoapods/specs.git:
    - Alamofire
    - AlamofireObjectMapper
    - ObjectMapper
    - ReactiveCocoa
    - ReactiveSwift
    - Result
    - SDWebImage

SPEC CHECKSUMS:
  Alamofire: 3ec537f71edc9804815215393ae2b1a8ea33a844
  AlamofireObjectMapper: 92b6ce2423a9d159e686f6a1d514a009bf903ddc
  ObjectMapper: 5311bd50ca732930959e7ca1a2de43ab823a5ced
  ReactiveCocoa: fbd26e9ba60e98417ee47433e59465a98ed9da0f
  ReactiveSwift: a2bb9ace428a109e9c0209615645d9d286c8c433
  Result: 7645bb3f50c2ce726dd0ff2fa7b6f42bbe6c3713
  SDWebImage: 624d6e296c69b244bcede364c72ae0430ac14681

PODFILE CHECKSUM: 0c9f5f59c6f534548625e0a0a0c4a4fbe2b154bc

COCOAPODS: 1.5.3
